
Microsoft Visual Studio Solution File, Format Version 12.00
# Visual Studio Version 17
VisualStudioVersion = 17.8.34511.84
MinimumVisualStudioVersion = 10.0.40219.1
Project("{9A19103F-16F7-4668-BE54-9A1E7A4F7556}") = "SampleNotifyPropertyChanged", "SampleNotifyPropertyChanged\SampleNotifyPropertyChanged.csproj", "{7F2A023E-FB68-4E79-A683-7CF0D1A63D4F}"
EndProject
Project("{9A19103F-16F7-4668-BE54-9A1E7A4F7556}") = "StackOverflow.Library", "StackOverflow.Library\StackOverflow.Library.csproj", "{9236F77F-9ED3-4F47-BD46-096C84B30035}"
EndProject
Project("{2150E333-8FDC-42A3-9474-1A3956D46DE8}") = "Data", "Data", "{9B081ADD-6ACA-4815-ACFC-30E166C14697}"
EndProject
Project("{9A19103F-16F7-4668-BE54-9A1E7A4F7556}") = "StackOverflow.Data", "StackOverflow.Data\StackOverflow.Data.csproj", "{BC1CDDB1-2E45-46F0-8432-E8FFDA50CFA9}"
EndProject
Project("{9A19103F-16F7-4668-BE54-9A1E7A4F7556}") = "SampleTextBoxValidation", "SampleTextBoxValidation\SampleTextBoxValidation.csproj", "{460B13AB-541D-4877-BAA5-2557F3964AD6}"
EndProject
Project("{2150E333-8FDC-42A3-9474-1A3956D46DE8}") = "Frontend", "Frontend", "{0D4C6824-9A6D-4546-BA73-4D55B3F42620}"
EndProject
Project("{FAE04EC0-301F-11D3-BF4B-00C04F79EFBC}") = "SampleConverterCulture", "SampleConverterCulture\SampleConverterCulture.csproj", "{D39A8CD4-7AEA-4416-BB9D-D82DD7795406}"
EndProject
Global
	GlobalSection(SolutionConfigurationPlatforms) = preSolution
		Debug|Any CPU = Debug|Any CPU
		Release|Any CPU = Release|Any CPU
	EndGlobalSection
	GlobalSection(ProjectConfigurationPlatforms) = postSolution
		{7F2A023E-FB68-4E79-A683-7CF0D1A63D4F}.Debug|Any CPU.ActiveCfg = Debug|Any CPU
		{7F2A023E-FB68-4E79-A683-7CF0D1A63D4F}.Debug|Any CPU.Build.0 = Debug|Any CPU
		{7F2A023E-FB68-4E79-A683-7CF0D1A63D4F}.Release|Any CPU.ActiveCfg = Release|Any CPU
		{7F2A023E-FB68-4E79-A683-7CF0D1A63D4F}.Release|Any CPU.Build.0 = Release|Any CPU
		{9236F77F-9ED3-4F47-BD46-096C84B30035}.Debug|Any CPU.ActiveCfg = Debug|Any CPU
		{9236F77F-9ED3-4F47-BD46-096C84B30035}.Debug|Any CPU.Build.0 = Debug|Any CPU
		{9236F77F-9ED3-4F47-BD46-096C84B30035}.Release|Any CPU.ActiveCfg = Release|Any CPU
		{9236F77F-9ED3-4F47-BD46-096C84B30035}.Release|Any CPU.Build.0 = Release|Any CPU
		{BC1CDDB1-2E45-46F0-8432-E8FFDA50CFA9}.Debug|Any CPU.ActiveCfg = Debug|Any CPU
		{BC1CDDB1-2E45-46F0-8432-E8FFDA50CFA9}.Debug|Any CPU.Build.0 = Debug|Any CPU
		{BC1CDDB1-2E45-46F0-8432-E8FFDA50CFA9}.Release|Any CPU.ActiveCfg = Release|Any CPU
		{BC1CDDB1-2E45-46F0-8432-E8FFDA50CFA9}.Release|Any CPU.Build.0 = Release|Any CPU
		{460B13AB-541D-4877-BAA5-2557F3964AD6}.Debug|Any CPU.ActiveCfg = Debug|Any CPU
		{460B13AB-541D-4877-BAA5-2557F3964AD6}.Debug|Any CPU.Build.0 = Debug|Any CPU
		{460B13AB-541D-4877-BAA5-2557F3964AD6}.Release|Any CPU.ActiveCfg = Release|Any CPU
		{460B13AB-541D-4877-BAA5-2557F3964AD6}.Release|Any CPU.Build.0 = Release|Any CPU
		{D39A8CD4-7AEA-4416-BB9D-D82DD7795406}.Debug|Any CPU.ActiveCfg = Debug|Any CPU
		{D39A8CD4-7AEA-4416-BB9D-D82DD7795406}.Debug|Any CPU.Build.0 = Debug|Any CPU
		{D39A8CD4-7AEA-4416-BB9D-D82DD7795406}.Release|Any CPU.ActiveCfg = Release|Any CPU
		{D39A8CD4-7AEA-4416-BB9D-D82DD7795406}.Release|Any CPU.Build.0 = Release|Any CPU
	EndGlobalSection
	GlobalSection(SolutionProperties) = preSolution
		HideSolutionNode = FALSE
	EndGlobalSection
	GlobalSection(NestedProjects) = preSolution
		{7F2A023E-FB68-4E79-A683-7CF0D1A63D4F} = {0D4C6824-9A6D-4546-BA73-4D55B3F42620}
		{9236F77F-9ED3-4F47-BD46-096C84B30035} = {0D4C6824-9A6D-4546-BA73-4D55B3F42620}
		{BC1CDDB1-2E45-46F0-8432-E8FFDA50CFA9} = {9B081ADD-6ACA-4815-ACFC-30E166C14697}
		{460B13AB-541D-4877-BAA5-2557F3964AD6} = {0D4C6824-9A6D-4546-BA73-4D55B3F42620}
		{D39A8CD4-7AEA-4416-BB9D-D82DD7795406} = {0D4C6824-9A6D-4546-BA73-4D55B3F42620}
	EndGlobalSection
	GlobalSection(ExtensibilityGlobals) = postSolution
		SolutionGuid = {DD4B1140-42B1-44DD-B971-AC773B8689D4}
	EndGlobalSection
EndGlobal
