
Microsoft Visual Studio Solution File, Format Version 12.00
# Visual Studio Version 17
VisualStudioVersion = 17.8.34511.84
MinimumVisualStudioVersion = 10.0.40219.1
Project("{FAE04EC0-301F-11D3-BF4B-00C04F79EFBC}") = "SampleNotifyPropertyChanged", "SampleNotifyPropertyChanged\SampleNotifyPropertyChanged.csproj", "{7F2A023E-FB68-4E79-A683-7CF0D1A63D4F}"
EndProject
Project("{FAE04EC0-301F-11D3-BF4B-00C04F79EFBC}") = "StackOverflow.Library", "StackOverflow.Library\StackOverflow.Library.csproj", "{9236F77F-9ED3-4F47-BD46-096C84B30035}"
EndProject
Global
	GlobalSection(SolutionConfigurationPlatforms) = preSolution
		Debug|Any CPU = Debug|Any CPU
		Release|Any CPU = Release|Any CPU
	EndGlobalSection
	GlobalSection(ProjectConfigurationPlatforms) = postSolution
		{7F2A023E-FB68-4E79-A683-7CF0D1A63D4F}.Debug|Any CPU.ActiveCfg = Debug|Any CPU
		{7F2A023E-FB68-4E79-A683-7CF0D1A63D4F}.Debug|Any CPU.Build.0 = Debug|Any CPU
		{7F2A023E-FB68-4E79-A683-7CF0D1A63D4F}.Release|Any CPU.ActiveCfg = Release|Any CPU
		{7F2A023E-FB68-4E79-A683-7CF0D1A63D4F}.Release|Any CPU.Build.0 = Release|Any CPU
		{9236F77F-9ED3-4F47-BD46-096C84B30035}.Debug|Any CPU.ActiveCfg = Debug|Any CPU
		{9236F77F-9ED3-4F47-BD46-096C84B30035}.Debug|Any CPU.Build.0 = Debug|Any CPU
		{9236F77F-9ED3-4F47-BD46-096C84B30035}.Release|Any CPU.ActiveCfg = Release|Any CPU
		{9236F77F-9ED3-4F47-BD46-096C84B30035}.Release|Any CPU.Build.0 = Release|Any CPU
	EndGlobalSection
	GlobalSection(SolutionProperties) = preSolution
		HideSolutionNode = FALSE
	EndGlobalSection
	GlobalSection(ExtensibilityGlobals) = postSolution
		SolutionGuid = {DD4B1140-42B1-44DD-B971-AC773B8689D4}
	EndGlobalSection
EndGlobal
